
Microsoft Visual Studio Solution File, Format Version 12.00
# Visual Studio Version 17
VisualStudioVersion = 17.0.31903.59
MinimumVisualStudioVersion = 10.0.40219.1
Project("{2150E333-8FDC-42A3-9474-1A3956D46DE8}") = "src", "src", "{827E0CD3-B72D-47B6-A68D-7590B98EB39B}"
EndProject
Project("{2150E333-8FDC-42A3-9474-1A3956D46DE8}") = "BuildingBlocks", "BuildingBlocks", "{90298CBA-BD6F-3A0A-69D5-97CAD7B05E7E}"
EndProject
Project("{FAE04EC0-301F-11D3-BF4B-00C04F79EFBC}") = "ExchangeTracing.BuildingBlocks", "src\BuildingBlocks\ExchangeTracing.BuildingBlocks.csproj", "{9943EE47-8359-4BEC-8B62-474AFB3A615E}"
EndProject
Project("{2150E333-8FDC-42A3-9474-1A3956D46DE8}") = "API", "API", "{81034408-37C8-1011-444E-4C15C2FADA8E}"
EndProject
Project("{FAE04EC0-301F-11D3-BF4B-00C04F79EFBC}") = "ExchangeTracing.Api", "src\API\ExchangeTracing.Api.csproj", "{4AF70BA7-2EBF-4CAA-A46C-9E242ADC9195}"
EndProject
Project("{2150E333-8FDC-42A3-9474-1A3956D46DE8}") = "Modules", "Modules", "{EC447DCF-ABFA-6E24-52A5-D7FD48A5C558}"
EndProject
Project("{2150E333-8FDC-42A3-9474-1A3956D46DE8}") = "Portfolio", "Portfolio", "{75E1508E-A955-E059-6956-675858DCE5FC}"
EndProject
Project("{2150E333-8FDC-42A3-9474-1A3956D46DE8}") = "Application", "Application", "{638D6336-783F-1CB3-4197-2137D163BEDE}"
EndProject
Project("{FAE04EC0-301F-11D3-BF4B-00C04F79EFBC}") = "ExchangeTracing.Modules.Portfolio.Application", "src\Modules\Portfolio\Application\ExchangeTracing.Modules.Portfolio.Application.csproj", "{6899D51E-F0D0-4BBE-B674-8EC1DB55179D}"
EndProject
Project("{2150E333-8FDC-42A3-9474-1A3956D46DE8}") = "Infrastructure", "Infrastructure", "{16659625-68EB-3687-F512-D7541DF4EFD4}"
EndProject
Project("{FAE04EC0-301F-11D3-BF4B-00C04F79EFBC}") = "ExchangeTracing.Modules.Portfolio.Infrastructure", "src\Modules\Portfolio\Infrastructure\ExchangeTracing.Modules.Portfolio.Infrastructure.csproj", "{F055D285-D3F7-445C-9BD7-BF18A3B843FC}"
EndProject
Project("{2150E333-8FDC-42A3-9474-1A3956D46DE8}") = "Domain", "Domain", "{0BACC88B-C016-DE3F-085C-00BA963DD266}"
EndProject
Project("{FAE04EC0-301F-11D3-BF4B-00C04F79EFBC}") = "ExchangeTracing.Modules.Portfolio.Domain", "src\Modules\Portfolio\Domain\ExchangeTracing.Modules.Portfolio.Domain.csproj", "{36C44E30-8572-437D-9841-9C20F1378D36}"
EndProject
Project("{2150E333-8FDC-42A3-9474-1A3956D46DE8}") = "Presentation", "Presentation", "{70368CC5-5C86-814B-7FD3-58BFD77F8CF4}"
EndProject
Project("{FAE04EC0-301F-11D3-BF4B-00C04F79EFBC}") = "ExchangeTracing.Modules.Portfolio.Presentation", "src\Modules\Portfolio\Presentation\ExchangeTracing.Modules.Portfolio.Presentation.csproj", "{FCF34116-888C-4213-AD14-CDF17A418D21}"
EndProject
Project("{2150E333-8FDC-42A3-9474-1A3956D46DE8}") = "Assets", "Assets", "{460CB7B7-C5C9-9675-4379-9D34558060EC}"
EndProject
Project("{2150E333-8FDC-42A3-9474-1A3956D46DE8}") = "Application", "Application", "{D691A0B0-542E-7506-70BC-7F126F409C35}"
EndProject
Project("{FAE04EC0-301F-11D3-BF4B-00C04F79EFBC}") = "ExchangeTracing.Modules.Assets.Application", "src\Modules\Assets\Application\ExchangeTracing.Modules.Assets.Application.csproj", "{6F2C15D3-F541-4C7B-93E0-AE4C5A900B56}"
EndProject
Project("{2150E333-8FDC-42A3-9474-1A3956D46DE8}") = "Infrastructure", "Infrastructure", "{D19C0296-0E94-7D21-0CCF-E7FDFEBEF6E8}"
EndProject
Project("{FAE04EC0-301F-11D3-BF4B-00C04F79EFBC}") = "ExchangeTracing.Modules.Assets.Infrastructure", "src\Modules\Assets\Infrastructure\ExchangeTracing.Modules.Assets.Infrastructure.csproj", "{F4269EAD-06D7-4454-9A3F-D70BA13E249E}"
EndProject
Project("{2150E333-8FDC-42A3-9474-1A3956D46DE8}") = "Domain", "Domain", "{DFF65227-CF45-A22C-33B5-E07E5C11D14F}"
EndProject
Project("{FAE04EC0-301F-11D3-BF4B-00C04F79EFBC}") = "ExchangeTracing.Modules.Assets.Domain", "src\Modules\Assets\Domain\ExchangeTracing.Modules.Assets.Domain.csproj", "{AAD41987-B4C5-4EEB-888F-773E4F78C5C5}"
EndProject
Project("{2150E333-8FDC-42A3-9474-1A3956D46DE8}") = "Presentation", "Presentation", "{5B5E0283-1D94-6482-4421-CAC046CC5357}"
EndProject
Project("{FAE04EC0-301F-11D3-BF4B-00C04F79EFBC}") = "ExchangeTracing.Modules.Assets.Presentation", "src\Modules\Assets\Presentation\ExchangeTracing.Modules.Assets.Presentation.csproj", "{9A72E987-BA85-40C0-BD8E-AAC1A071522F}"
EndProject
Project("{2150E333-8FDC-42A3-9474-1A3956D46DE8}") = "Transactions", "Transactions", "{077066FD-0F7A-9788-8819-CD64541064BC}"
EndProject
Project("{2150E333-8FDC-42A3-9474-1A3956D46DE8}") = "Application", "Application", "{41039C61-55CE-509A-F0A6-4FA23E2E8262}"
EndProject
Project("{FAE04EC0-301F-11D3-BF4B-00C04F79EFBC}") = "ExchangeTracing.Modules.Transactions.Application", "src\Modules\Transactions\Application\ExchangeTracing.Modules.Transactions.Application.csproj", "{2A987BBD-B8B6-43EA-B8C6-52B4F23C0844}"
EndProject
Project("{2150E333-8FDC-42A3-9474-1A3956D46DE8}") = "Infrastructure", "Infrastructure", "{A7951A77-D182-F7EC-DD67-D1FC9B20503A}"
EndProject
Project("{FAE04EC0-301F-11D3-BF4B-00C04F79EFBC}") = "ExchangeTracing.Modules.Transactions.Infrastructure", "src\Modules\Transactions\Infrastructure\ExchangeTracing.Modules.Transactions.Infrastructure.csproj", "{01871B6C-ACF5-48EC-A726-3EF8F46DA053}"
EndProject
Project("{2150E333-8FDC-42A3-9474-1A3956D46DE8}") = "Domain", "Domain", "{1C03D575-47E6-B832-CD6F-A98D59D97952}"
EndProject
Project("{FAE04EC0-301F-11D3-BF4B-00C04F79EFBC}") = "ExchangeTracing.Modules.Transactions.Domain", "src\Modules\Transactions\Domain\ExchangeTracing.Modules.Transactions.Domain.csproj", "{C8B43DCE-61C2-46A7-B1B8-CD909804F6F7}"
EndProject
Project("{2150E333-8FDC-42A3-9474-1A3956D46DE8}") = "Presentation", "Presentation", "{6C8467A8-9093-D00F-C6C8-CAADAEDE88FD}"
EndProject
Project("{FAE04EC0-301F-11D3-BF4B-00C04F79EFBC}") = "ExchangeTracing.Modules.Transactions.Presentation", "src\Modules\Transactions\Presentation\ExchangeTracing.Modules.Transactions.Presentation.csproj", "{05A4985A-71AA-4120-8A52-9FFC8BCA3660}"
EndProject
Project("{2150E333-8FDC-42A3-9474-1A3956D46DE8}") = "Users", "Users", "{A26F344D-182E-CE53-AD51-2154946AC6F3}"
EndProject
Project("{2150E333-8FDC-42A3-9474-1A3956D46DE8}") = "Application", "Application", "{AE835FB4-EAFB-64E6-259D-58DA33E89DA5}"
EndProject
Project("{FAE04EC0-301F-11D3-BF4B-00C04F79EFBC}") = "ExchangeTracing.Modules.Users.Application", "src\Modules\Users\Application\ExchangeTracing.Modules.Users.Application.csproj", "{BED6D22C-3671-407D-9D70-3D6B96C25838}"
EndProject
Project("{2150E333-8FDC-42A3-9474-1A3956D46DE8}") = "Infrastructure", "Infrastructure", "{28C4DD48-A179-ADC4-FACB-097815222070}"
EndProject
Project("{FAE04EC0-301F-11D3-BF4B-00C04F79EFBC}") = "ExchangeTracing.Modules.Users.Infrastructure", "src\Modules\Users\Infrastructure\ExchangeTracing.Modules.Users.Infrastructure.csproj", "{AD6BC5CD-13F2-472B-900D-15F7B4B5FCF2}"
EndProject
Project("{2150E333-8FDC-42A3-9474-1A3956D46DE8}") = "Domain", "Domain", "{AAAA0BD8-3C23-3098-941A-940CE5B7BDDC}"
EndProject
Project("{FAE04EC0-301F-11D3-BF4B-00C04F79EFBC}") = "ExchangeTracing.Modules.Users.Domain", "src\Modules\Users\Domain\ExchangeTracing.Modules.Users.Domain.csproj", "{56E4FD77-1A8C-4737-8CAB-07950665C985}"
EndProject
Project("{2150E333-8FDC-42A3-9474-1A3956D46DE8}") = "Presentation", "Presentation", "{1EEE4136-5204-992F-1007-7E86C45AE679}"
EndProject
Project("{FAE04EC0-301F-11D3-BF4B-00C04F79EFBC}") = "ExchangeTracing.Modules.Users.Presentation", "src\Modules\Users\Presentation\ExchangeTracing.Modules.Users.Presentation.csproj", "{422479AB-F219-4032-997E-EBEE2C07DD5D}"
EndProject
Global
	GlobalSection(SolutionConfigurationPlatforms) = preSolution
		Debug|Any CPU = Debug|Any CPU
		Debug|x64 = Debug|x64
		Debug|x86 = Debug|x86
		Release|Any CPU = Release|Any CPU
		Release|x64 = Release|x64
		Release|x86 = Release|x86
	EndGlobalSection
	GlobalSection(ProjectConfigurationPlatforms) = postSolution
		{9943EE47-8359-4BEC-8B62-474AFB3A615E}.Debug|Any CPU.ActiveCfg = Debug|Any CPU
		{9943EE47-8359-4BEC-8B62-474AFB3A615E}.Debug|Any CPU.Build.0 = Debug|Any CPU
		{9943EE47-8359-4BEC-8B62-474AFB3A615E}.Debug|x64.ActiveCfg = Debug|Any CPU
		{9943EE47-8359-4BEC-8B62-474AFB3A615E}.Debug|x64.Build.0 = Debug|Any CPU
		{9943EE47-8359-4BEC-8B62-474AFB3A615E}.Debug|x86.ActiveCfg = Debug|Any CPU
		{9943EE47-8359-4BEC-8B62-474AFB3A615E}.Debug|x86.Build.0 = Debug|Any CPU
		{9943EE47-8359-4BEC-8B62-474AFB3A615E}.Release|Any CPU.ActiveCfg = Release|Any CPU
		{9943EE47-8359-4BEC-8B62-474AFB3A615E}.Release|Any CPU.Build.0 = Release|Any CPU
		{9943EE47-8359-4BEC-8B62-474AFB3A615E}.Release|x64.ActiveCfg = Release|Any CPU
		{9943EE47-8359-4BEC-8B62-474AFB3A615E}.Release|x64.Build.0 = Release|Any CPU
		{9943EE47-8359-4BEC-8B62-474AFB3A615E}.Release|x86.ActiveCfg = Release|Any CPU
		{9943EE47-8359-4BEC-8B62-474AFB3A615E}.Release|x86.Build.0 = Release|Any CPU
		{4AF70BA7-2EBF-4CAA-A46C-9E242ADC9195}.Debug|Any CPU.ActiveCfg = Debug|Any CPU
		{4AF70BA7-2EBF-4CAA-A46C-9E242ADC9195}.Debug|Any CPU.Build.0 = Debug|Any CPU
		{4AF70BA7-2EBF-4CAA-A46C-9E242ADC9195}.Debug|x64.ActiveCfg = Debug|Any CPU
		{4AF70BA7-2EBF-4CAA-A46C-9E242ADC9195}.Debug|x64.Build.0 = Debug|Any CPU
		{4AF70BA7-2EBF-4CAA-A46C-9E242ADC9195}.Debug|x86.ActiveCfg = Debug|Any CPU
		{4AF70BA7-2EBF-4CAA-A46C-9E242ADC9195}.Debug|x86.Build.0 = Debug|Any CPU
		{4AF70BA7-2EBF-4CAA-A46C-9E242ADC9195}.Release|Any CPU.ActiveCfg = Release|Any CPU
		{4AF70BA7-2EBF-4CAA-A46C-9E242ADC9195}.Release|Any CPU.Build.0 = Release|Any CPU
		{4AF70BA7-2EBF-4CAA-A46C-9E242ADC9195}.Release|x64.ActiveCfg = Release|Any CPU
		{4AF70BA7-2EBF-4CAA-A46C-9E242ADC9195}.Release|x64.Build.0 = Release|Any CPU
		{4AF70BA7-2EBF-4CAA-A46C-9E242ADC9195}.Release|x86.ActiveCfg = Release|Any CPU
		{4AF70BA7-2EBF-4CAA-A46C-9E242ADC9195}.Release|x86.Build.0 = Release|Any CPU
		{6899D51E-F0D0-4BBE-B674-8EC1DB55179D}.Debug|Any CPU.ActiveCfg = Debug|Any CPU
		{6899D51E-F0D0-4BBE-B674-8EC1DB55179D}.Debug|Any CPU.Build.0 = Debug|Any CPU
		{6899D51E-F0D0-4BBE-B674-8EC1DB55179D}.Debug|x64.ActiveCfg = Debug|Any CPU
		{6899D51E-F0D0-4BBE-B674-8EC1DB55179D}.Debug|x64.Build.0 = Debug|Any CPU
		{6899D51E-F0D0-4BBE-B674-8EC1DB55179D}.Debug|x86.ActiveCfg = Debug|Any CPU
		{6899D51E-F0D0-4BBE-B674-8EC1DB55179D}.Debug|x86.Build.0 = Debug|Any CPU
		{6899D51E-F0D0-4BBE-B674-8EC1DB55179D}.Release|Any CPU.ActiveCfg = Release|Any CPU
		{6899D51E-F0D0-4BBE-B674-8EC1DB55179D}.Release|Any CPU.Build.0 = Release|Any CPU
		{6899D51E-F0D0-4BBE-B674-8EC1DB55179D}.Release|x64.ActiveCfg = Release|Any CPU
		{6899D51E-F0D0-4BBE-B674-8EC1DB55179D}.Release|x64.Build.0 = Release|Any CPU
		{6899D51E-F0D0-4BBE-B674-8EC1DB55179D}.Release|x86.ActiveCfg = Release|Any CPU
		{6899D51E-F0D0-4BBE-B674-8EC1DB55179D}.Release|x86.Build.0 = Release|Any CPU
		{F055D285-D3F7-445C-9BD7-BF18A3B843FC}.Debug|Any CPU.ActiveCfg = Debug|Any CPU
		{F055D285-D3F7-445C-9BD7-BF18A3B843FC}.Debug|Any CPU.Build.0 = Debug|Any CPU
		{F055D285-D3F7-445C-9BD7-BF18A3B843FC}.Debug|x64.ActiveCfg = Debug|Any CPU
		{F055D285-D3F7-445C-9BD7-BF18A3B843FC}.Debug|x64.Build.0 = Debug|Any CPU
		{F055D285-D3F7-445C-9BD7-BF18A3B843FC}.Debug|x86.ActiveCfg = Debug|Any CPU
		{F055D285-D3F7-445C-9BD7-BF18A3B843FC}.Debug|x86.Build.0 = Debug|Any CPU
		{F055D285-D3F7-445C-9BD7-BF18A3B843FC}.Release|Any CPU.ActiveCfg = Release|Any CPU
		{F055D285-D3F7-445C-9BD7-BF18A3B843FC}.Release|Any CPU.Build.0 = Release|Any CPU
		{F055D285-D3F7-445C-9BD7-BF18A3B843FC}.Release|x64.ActiveCfg = Release|Any CPU
		{F055D285-D3F7-445C-9BD7-BF18A3B843FC}.Release|x64.Build.0 = Release|Any CPU
		{F055D285-D3F7-445C-9BD7-BF18A3B843FC}.Release|x86.ActiveCfg = Release|Any CPU
		{F055D285-D3F7-445C-9BD7-BF18A3B843FC}.Release|x86.Build.0 = Release|Any CPU
		{36C44E30-8572-437D-9841-9C20F1378D36}.Debug|Any CPU.ActiveCfg = Debug|Any CPU
		{36C44E30-8572-437D-9841-9C20F1378D36}.Debug|Any CPU.Build.0 = Debug|Any CPU
		{36C44E30-8572-437D-9841-9C20F1378D36}.Debug|x64.ActiveCfg = Debug|Any CPU
		{36C44E30-8572-437D-9841-9C20F1378D36}.Debug|x64.Build.0 = Debug|Any CPU
		{36C44E30-8572-437D-9841-9C20F1378D36}.Debug|x86.ActiveCfg = Debug|Any CPU
		{36C44E30-8572-437D-9841-9C20F1378D36}.Debug|x86.Build.0 = Debug|Any CPU
		{36C44E30-8572-437D-9841-9C20F1378D36}.Release|Any CPU.ActiveCfg = Release|Any CPU
		{36C44E30-8572-437D-9841-9C20F1378D36}.Release|Any CPU.Build.0 = Release|Any CPU
		{36C44E30-8572-437D-9841-9C20F1378D36}.Release|x64.ActiveCfg = Release|Any CPU
		{36C44E30-8572-437D-9841-9C20F1378D36}.Release|x64.Build.0 = Release|Any CPU
		{36C44E30-8572-437D-9841-9C20F1378D36}.Release|x86.ActiveCfg = Release|Any CPU
		{36C44E30-8572-437D-9841-9C20F1378D36}.Release|x86.Build.0 = Release|Any CPU
		{FCF34116-888C-4213-AD14-CDF17A418D21}.Debug|Any CPU.ActiveCfg = Debug|Any CPU
		{FCF34116-888C-4213-AD14-CDF17A418D21}.Debug|Any CPU.Build.0 = Debug|Any CPU
		{FCF34116-888C-4213-AD14-CDF17A418D21}.Debug|x64.ActiveCfg = Debug|Any CPU
		{FCF34116-888C-4213-AD14-CDF17A418D21}.Debug|x64.Build.0 = Debug|Any CPU
		{FCF34116-888C-4213-AD14-CDF17A418D21}.Debug|x86.ActiveCfg = Debug|Any CPU
		{FCF34116-888C-4213-AD14-CDF17A418D21}.Debug|x86.Build.0 = Debug|Any CPU
		{FCF34116-888C-4213-AD14-CDF17A418D21}.Release|Any CPU.ActiveCfg = Release|Any CPU
		{FCF34116-888C-4213-AD14-CDF17A418D21}.Release|Any CPU.Build.0 = Release|Any CPU
		{FCF34116-888C-4213-AD14-CDF17A418D21}.Release|x64.ActiveCfg = Release|Any CPU
		{FCF34116-888C-4213-AD14-CDF17A418D21}.Release|x64.Build.0 = Release|Any CPU
		{FCF34116-888C-4213-AD14-CDF17A418D21}.Release|x86.ActiveCfg = Release|Any CPU
		{FCF34116-888C-4213-AD14-CDF17A418D21}.Release|x86.Build.0 = Release|Any CPU
		{6F2C15D3-F541-4C7B-93E0-AE4C5A900B56}.Debug|Any CPU.ActiveCfg = Debug|Any CPU
		{6F2C15D3-F541-4C7B-93E0-AE4C5A900B56}.Debug|Any CPU.Build.0 = Debug|Any CPU
		{6F2C15D3-F541-4C7B-93E0-AE4C5A900B56}.Debug|x64.ActiveCfg = Debug|Any CPU
		{6F2C15D3-F541-4C7B-93E0-AE4C5A900B56}.Debug|x64.Build.0 = Debug|Any CPU
		{6F2C15D3-F541-4C7B-93E0-AE4C5A900B56}.Debug|x86.ActiveCfg = Debug|Any CPU
		{6F2C15D3-F541-4C7B-93E0-AE4C5A900B56}.Debug|x86.Build.0 = Debug|Any CPU
		{6F2C15D3-F541-4C7B-93E0-AE4C5A900B56}.Release|Any CPU.ActiveCfg = Release|Any CPU
		{6F2C15D3-F541-4C7B-93E0-AE4C5A900B56}.Release|Any CPU.Build.0 = Release|Any CPU
		{6F2C15D3-F541-4C7B-93E0-AE4C5A900B56}.Release|x64.ActiveCfg = Release|Any CPU
		{6F2C15D3-F541-4C7B-93E0-AE4C5A900B56}.Release|x64.Build.0 = Release|Any CPU
		{6F2C15D3-F541-4C7B-93E0-AE4C5A900B56}.Release|x86.ActiveCfg = Release|Any CPU
		{6F2C15D3-F541-4C7B-93E0-AE4C5A900B56}.Release|x86.Build.0 = Release|Any CPU
		{F4269EAD-06D7-4454-9A3F-D70BA13E249E}.Debug|Any CPU.ActiveCfg = Debug|Any CPU
		{F4269EAD-06D7-4454-9A3F-D70BA13E249E}.Debug|Any CPU.Build.0 = Debug|Any CPU
		{F4269EAD-06D7-4454-9A3F-D70BA13E249E}.Debug|x64.ActiveCfg = Debug|Any CPU
		{F4269EAD-06D7-4454-9A3F-D70BA13E249E}.Debug|x64.Build.0 = Debug|Any CPU
		{F4269EAD-06D7-4454-9A3F-D70BA13E249E}.Debug|x86.ActiveCfg = Debug|Any CPU
		{F4269EAD-06D7-4454-9A3F-D70BA13E249E}.Debug|x86.Build.0 = Debug|Any CPU
		{F4269EAD-06D7-4454-9A3F-D70BA13E249E}.Release|Any CPU.ActiveCfg = Release|Any CPU
		{F4269EAD-06D7-4454-9A3F-D70BA13E249E}.Release|Any CPU.Build.0 = Release|Any CPU
		{F4269EAD-06D7-4454-9A3F-D70BA13E249E}.Release|x64.ActiveCfg = Release|Any CPU
		{F4269EAD-06D7-4454-9A3F-D70BA13E249E}.Release|x64.Build.0 = Release|Any CPU
		{F4269EAD-06D7-4454-9A3F-D70BA13E249E}.Release|x86.ActiveCfg = Release|Any CPU
		{F4269EAD-06D7-4454-9A3F-D70BA13E249E}.Release|x86.Build.0 = Release|Any CPU
		{AAD41987-B4C5-4EEB-888F-773E4F78C5C5}.Debug|Any CPU.ActiveCfg = Debug|Any CPU
		{AAD41987-B4C5-4EEB-888F-773E4F78C5C5}.Debug|Any CPU.Build.0 = Debug|Any CPU
		{AAD41987-B4C5-4EEB-888F-773E4F78C5C5}.Debug|x64.ActiveCfg = Debug|Any CPU
		{AAD41987-B4C5-4EEB-888F-773E4F78C5C5}.Debug|x64.Build.0 = Debug|Any CPU
		{AAD41987-B4C5-4EEB-888F-773E4F78C5C5}.Debug|x86.ActiveCfg = Debug|Any CPU
		{AAD41987-B4C5-4EEB-888F-773E4F78C5C5}.Debug|x86.Build.0 = Debug|Any CPU
		{AAD41987-B4C5-4EEB-888F-773E4F78C5C5}.Release|Any CPU.ActiveCfg = Release|Any CPU
		{AAD41987-B4C5-4EEB-888F-773E4F78C5C5}.Release|Any CPU.Build.0 = Release|Any CPU
		{AAD41987-B4C5-4EEB-888F-773E4F78C5C5}.Release|x64.ActiveCfg = Release|Any CPU
		{AAD41987-B4C5-4EEB-888F-773E4F78C5C5}.Release|x64.Build.0 = Release|Any CPU
		{AAD41987-B4C5-4EEB-888F-773E4F78C5C5}.Release|x86.ActiveCfg = Release|Any CPU
		{AAD41987-B4C5-4EEB-888F-773E4F78C5C5}.Release|x86.Build.0 = Release|Any CPU
		{9A72E987-BA85-40C0-BD8E-AAC1A071522F}.Debug|Any CPU.ActiveCfg = Debug|Any CPU
		{9A72E987-BA85-40C0-BD8E-AAC1A071522F}.Debug|Any CPU.Build.0 = Debug|Any CPU
		{9A72E987-BA85-40C0-BD8E-AAC1A071522F}.Debug|x64.ActiveCfg = Debug|Any CPU
		{9A72E987-BA85-40C0-BD8E-AAC1A071522F}.Debug|x64.Build.0 = Debug|Any CPU
		{9A72E987-BA85-40C0-BD8E-AAC1A071522F}.Debug|x86.ActiveCfg = Debug|Any CPU
		{9A72E987-BA85-40C0-BD8E-AAC1A071522F}.Debug|x86.Build.0 = Debug|Any CPU
		{9A72E987-BA85-40C0-BD8E-AAC1A071522F}.Release|Any CPU.ActiveCfg = Release|Any CPU
		{9A72E987-BA85-40C0-BD8E-AAC1A071522F}.Release|Any CPU.Build.0 = Release|Any CPU
		{9A72E987-BA85-40C0-BD8E-AAC1A071522F}.Release|x64.ActiveCfg = Release|Any CPU
		{9A72E987-BA85-40C0-BD8E-AAC1A071522F}.Release|x64.Build.0 = Release|Any CPU
		{9A72E987-BA85-40C0-BD8E-AAC1A071522F}.Release|x86.ActiveCfg = Release|Any CPU
		{9A72E987-BA85-40C0-BD8E-AAC1A071522F}.Release|x86.Build.0 = Release|Any CPU
		{2A987BBD-B8B6-43EA-B8C6-52B4F23C0844}.Debug|Any CPU.ActiveCfg = Debug|Any CPU
		{2A987BBD-B8B6-43EA-B8C6-52B4F23C0844}.Debug|Any CPU.Build.0 = Debug|Any CPU
		{2A987BBD-B8B6-43EA-B8C6-52B4F23C0844}.Debug|x64.ActiveCfg = Debug|Any CPU
		{2A987BBD-B8B6-43EA-B8C6-52B4F23C0844}.Debug|x64.Build.0 = Debug|Any CPU
		{2A987BBD-B8B6-43EA-B8C6-52B4F23C0844}.Debug|x86.ActiveCfg = Debug|Any CPU
		{2A987BBD-B8B6-43EA-B8C6-52B4F23C0844}.Debug|x86.Build.0 = Debug|Any CPU
		{2A987BBD-B8B6-43EA-B8C6-52B4F23C0844}.Release|Any CPU.ActiveCfg = Release|Any CPU
		{2A987BBD-B8B6-43EA-B8C6-52B4F23C0844}.Release|Any CPU.Build.0 = Release|Any CPU
		{2A987BBD-B8B6-43EA-B8C6-52B4F23C0844}.Release|x64.ActiveCfg = Release|Any CPU
		{2A987BBD-B8B6-43EA-B8C6-52B4F23C0844}.Release|x64.Build.0 = Release|Any CPU
		{2A987BBD-B8B6-43EA-B8C6-52B4F23C0844}.Release|x86.ActiveCfg = Release|Any CPU
		{2A987BBD-B8B6-43EA-B8C6-52B4F23C0844}.Release|x86.Build.0 = Release|Any CPU
		{01871B6C-ACF5-48EC-A726-3EF8F46DA053}.Debug|Any CPU.ActiveCfg = Debug|Any CPU
		{01871B6C-ACF5-48EC-A726-3EF8F46DA053}.Debug|Any CPU.Build.0 = Debug|Any CPU
		{01871B6C-ACF5-48EC-A726-3EF8F46DA053}.Debug|x64.ActiveCfg = Debug|Any CPU
		{01871B6C-ACF5-48EC-A726-3EF8F46DA053}.Debug|x64.Build.0 = Debug|Any CPU
		{01871B6C-ACF5-48EC-A726-3EF8F46DA053}.Debug|x86.ActiveCfg = Debug|Any CPU
		{01871B6C-ACF5-48EC-A726-3EF8F46DA053}.Debug|x86.Build.0 = Debug|Any CPU
		{01871B6C-ACF5-48EC-A726-3EF8F46DA053}.Release|Any CPU.ActiveCfg = Release|Any CPU
		{01871B6C-ACF5-48EC-A726-3EF8F46DA053}.Release|Any CPU.Build.0 = Release|Any CPU
		{01871B6C-ACF5-48EC-A726-3EF8F46DA053}.Release|x64.ActiveCfg = Release|Any CPU
		{01871B6C-ACF5-48EC-A726-3EF8F46DA053}.Release|x64.Build.0 = Release|Any CPU
		{01871B6C-ACF5-48EC-A726-3EF8F46DA053}.Release|x86.ActiveCfg = Release|Any CPU
		{01871B6C-ACF5-48EC-A726-3EF8F46DA053}.Release|x86.Build.0 = Release|Any CPU
		{C8B43DCE-61C2-46A7-B1B8-CD909804F6F7}.Debug|Any CPU.ActiveCfg = Debug|Any CPU
		{C8B43DCE-61C2-46A7-B1B8-CD909804F6F7}.Debug|Any CPU.Build.0 = Debug|Any CPU
		{C8B43DCE-61C2-46A7-B1B8-CD909804F6F7}.Debug|x64.ActiveCfg = Debug|Any CPU
		{C8B43DCE-61C2-46A7-B1B8-CD909804F6F7}.Debug|x64.Build.0 = Debug|Any CPU
		{C8B43DCE-61C2-46A7-B1B8-CD909804F6F7}.Debug|x86.ActiveCfg = Debug|Any CPU
		{C8B43DCE-61C2-46A7-B1B8-CD909804F6F7}.Debug|x86.Build.0 = Debug|Any CPU
		{C8B43DCE-61C2-46A7-B1B8-CD909804F6F7}.Release|Any CPU.ActiveCfg = Release|Any CPU
		{C8B43DCE-61C2-46A7-B1B8-CD909804F6F7}.Release|Any CPU.Build.0 = Release|Any CPU
		{C8B43DCE-61C2-46A7-B1B8-CD909804F6F7}.Release|x64.ActiveCfg = Release|Any CPU
		{C8B43DCE-61C2-46A7-B1B8-CD909804F6F7}.Release|x64.Build.0 = Release|Any CPU
		{C8B43DCE-61C2-46A7-B1B8-CD909804F6F7}.Release|x86.ActiveCfg = Release|Any CPU
		{C8B43DCE-61C2-46A7-B1B8-CD909804F6F7}.Release|x86.Build.0 = Release|Any CPU
		{05A4985A-71AA-4120-8A52-9FFC8BCA3660}.Debug|Any CPU.ActiveCfg = Debug|Any CPU
		{05A4985A-71AA-4120-8A52-9FFC8BCA3660}.Debug|Any CPU.Build.0 = Debug|Any CPU
		{05A4985A-71AA-4120-8A52-9FFC8BCA3660}.Debug|x64.ActiveCfg = Debug|Any CPU
		{05A4985A-71AA-4120-8A52-9FFC8BCA3660}.Debug|x64.Build.0 = Debug|Any CPU
		{05A4985A-71AA-4120-8A52-9FFC8BCA3660}.Debug|x86.ActiveCfg = Debug|Any CPU
		{05A4985A-71AA-4120-8A52-9FFC8BCA3660}.Debug|x86.Build.0 = Debug|Any CPU
		{05A4985A-71AA-4120-8A52-9FFC8BCA3660}.Release|Any CPU.ActiveCfg = Release|Any CPU
		{05A4985A-71AA-4120-8A52-9FFC8BCA3660}.Release|Any CPU.Build.0 = Release|Any CPU
		{05A4985A-71AA-4120-8A52-9FFC8BCA3660}.Release|x64.ActiveCfg = Release|Any CPU
		{05A4985A-71AA-4120-8A52-9FFC8BCA3660}.Release|x64.Build.0 = Release|Any CPU
		{05A4985A-71AA-4120-8A52-9FFC8BCA3660}.Release|x86.ActiveCfg = Release|Any CPU
		{05A4985A-71AA-4120-8A52-9FFC8BCA3660}.Release|x86.Build.0 = Release|Any CPU
		{BED6D22C-3671-407D-9D70-3D6B96C25838}.Debug|Any CPU.ActiveCfg = Debug|Any CPU
		{BED6D22C-3671-407D-9D70-3D6B96C25838}.Debug|Any CPU.Build.0 = Debug|Any CPU
		{BED6D22C-3671-407D-9D70-3D6B96C25838}.Debug|x64.ActiveCfg = Debug|Any CPU
		{BED6D22C-3671-407D-9D70-3D6B96C25838}.Debug|x64.Build.0 = Debug|Any CPU
		{BED6D22C-3671-407D-9D70-3D6B96C25838}.Debug|x86.ActiveCfg = Debug|Any CPU
		{BED6D22C-3671-407D-9D70-3D6B96C25838}.Debug|x86.Build.0 = Debug|Any CPU
		{BED6D22C-3671-407D-9D70-3D6B96C25838}.Release|Any CPU.ActiveCfg = Release|Any CPU
		{BED6D22C-3671-407D-9D70-3D6B96C25838}.Release|Any CPU.Build.0 = Release|Any CPU
		{BED6D22C-3671-407D-9D70-3D6B96C25838}.Release|x64.ActiveCfg = Release|Any CPU
		{BED6D22C-3671-407D-9D70-3D6B96C25838}.Release|x64.Build.0 = Release|Any CPU
		{BED6D22C-3671-407D-9D70-3D6B96C25838}.Release|x86.ActiveCfg = Release|Any CPU
		{BED6D22C-3671-407D-9D70-3D6B96C25838}.Release|x86.Build.0 = Release|Any CPU
		{AD6BC5CD-13F2-472B-900D-15F7B4B5FCF2}.Debug|Any CPU.ActiveCfg = Debug|Any CPU
		{AD6BC5CD-13F2-472B-900D-15F7B4B5FCF2}.Debug|Any CPU.Build.0 = Debug|Any CPU
		{AD6BC5CD-13F2-472B-900D-15F7B4B5FCF2}.Debug|x64.ActiveCfg = Debug|Any CPU
		{AD6BC5CD-13F2-472B-900D-15F7B4B5FCF2}.Debug|x64.Build.0 = Debug|Any CPU
		{AD6BC5CD-13F2-472B-900D-15F7B4B5FCF2}.Debug|x86.ActiveCfg = Debug|Any CPU
		{AD6BC5CD-13F2-472B-900D-15F7B4B5FCF2}.Debug|x86.Build.0 = Debug|Any CPU
		{AD6BC5CD-13F2-472B-900D-15F7B4B5FCF2}.Release|Any CPU.ActiveCfg = Release|Any CPU
		{AD6BC5CD-13F2-472B-900D-15F7B4B5FCF2}.Release|Any CPU.Build.0 = Release|Any CPU
		{AD6BC5CD-13F2-472B-900D-15F7B4B5FCF2}.Release|x64.ActiveCfg = Release|Any CPU
		{AD6BC5CD-13F2-472B-900D-15F7B4B5FCF2}.Release|x64.Build.0 = Release|Any CPU
		{AD6BC5CD-13F2-472B-900D-15F7B4B5FCF2}.Release|x86.ActiveCfg = Release|Any CPU
		{AD6BC5CD-13F2-472B-900D-15F7B4B5FCF2}.Release|x86.Build.0 = Release|Any CPU
		{56E4FD77-1A8C-4737-8CAB-07950665C985}.Debug|Any CPU.ActiveCfg = Debug|Any CPU
		{56E4FD77-1A8C-4737-8CAB-07950665C985}.Debug|Any CPU.Build.0 = Debug|Any CPU
		{56E4FD77-1A8C-4737-8CAB-07950665C985}.Debug|x64.ActiveCfg = Debug|Any CPU
		{56E4FD77-1A8C-4737-8CAB-07950665C985}.Debug|x64.Build.0 = Debug|Any CPU
		{56E4FD77-1A8C-4737-8CAB-07950665C985}.Debug|x86.ActiveCfg = Debug|Any CPU
		{56E4FD77-1A8C-4737-8CAB-07950665C985}.Debug|x86.Build.0 = Debug|Any CPU
		{56E4FD77-1A8C-4737-8CAB-07950665C985}.Release|Any CPU.ActiveCfg = Release|Any CPU
		{56E4FD77-1A8C-4737-8CAB-07950665C985}.Release|Any CPU.Build.0 = Release|Any CPU
		{56E4FD77-1A8C-4737-8CAB-07950665C985}.Release|x64.ActiveCfg = Release|Any CPU
		{56E4FD77-1A8C-4737-8CAB-07950665C985}.Release|x64.Build.0 = Release|Any CPU
		{56E4FD77-1A8C-4737-8CAB-07950665C985}.Release|x86.ActiveCfg = Release|Any CPU
		{56E4FD77-1A8C-4737-8CAB-07950665C985}.Release|x86.Build.0 = Release|Any CPU
		{422479AB-F219-4032-997E-EBEE2C07DD5D}.Debug|Any CPU.ActiveCfg = Debug|Any CPU
		{422479AB-F219-4032-997E-EBEE2C07DD5D}.Debug|Any CPU.Build.0 = Debug|Any CPU
		{422479AB-F219-4032-997E-EBEE2C07DD5D}.Debug|x64.ActiveCfg = Debug|Any CPU
		{422479AB-F219-4032-997E-EBEE2C07DD5D}.Debug|x64.Build.0 = Debug|Any CPU
		{422479AB-F219-4032-997E-EBEE2C07DD5D}.Debug|x86.ActiveCfg = Debug|Any CPU
		{422479AB-F219-4032-997E-EBEE2C07DD5D}.Debug|x86.Build.0 = Debug|Any CPU
		{422479AB-F219-4032-997E-EBEE2C07DD5D}.Release|Any CPU.ActiveCfg = Release|Any CPU
		{422479AB-F219-4032-997E-EBEE2C07DD5D}.Release|Any CPU.Build.0 = Release|Any CPU
		{422479AB-F219-4032-997E-EBEE2C07DD5D}.Release|x64.ActiveCfg = Release|Any CPU
		{422479AB-F219-4032-997E-EBEE2C07DD5D}.Release|x64.Build.0 = Release|Any CPU
		{422479AB-F219-4032-997E-EBEE2C07DD5D}.Release|x86.ActiveCfg = Release|Any CPU
		{422479AB-F219-4032-997E-EBEE2C07DD5D}.Release|x86.Build.0 = Release|Any CPU
	EndGlobalSection
	GlobalSection(SolutionProperties) = preSolution
		HideSolutionNode = FALSE
	EndGlobalSection
	GlobalSection(NestedProjects) = preSolution
		{90298CBA-BD6F-3A0A-69D5-97CAD7B05E7E} = {827E0CD3-B72D-47B6-A68D-7590B98EB39B}
		{9943EE47-8359-4BEC-8B62-474AFB3A615E} = {90298CBA-BD6F-3A0A-69D5-97CAD7B05E7E}
		{81034408-37C8-1011-444E-4C15C2FADA8E} = {827E0CD3-B72D-47B6-A68D-7590B98EB39B}
		{4AF70BA7-2EBF-4CAA-A46C-9E242ADC9195} = {81034408-37C8-1011-444E-4C15C2FADA8E}
		{EC447DCF-ABFA-6E24-52A5-D7FD48A5C558} = {827E0CD3-B72D-47B6-A68D-7590B98EB39B}
		{75E1508E-A955-E059-6956-675858DCE5FC} = {EC447DCF-ABFA-6E24-52A5-D7FD48A5C558}
		{638D6336-783F-1CB3-4197-2137D163BEDE} = {75E1508E-A955-E059-6956-675858DCE5FC}
		{6899D51E-F0D0-4BBE-B674-8EC1DB55179D} = {638D6336-783F-1CB3-4197-2137D163BEDE}
		{16659625-68EB-3687-F512-D7541DF4EFD4} = {75E1508E-A955-E059-6956-675858DCE5FC}
		{F055D285-D3F7-445C-9BD7-BF18A3B843FC} = {16659625-68EB-3687-F512-D7541DF4EFD4}
		{0BACC88B-C016-DE3F-085C-00BA963DD266} = {75E1508E-A955-E059-6956-675858DCE5FC}
		{36C44E30-8572-437D-9841-9C20F1378D36} = {0BACC88B-C016-DE3F-085C-00BA963DD266}
		{70368CC5-5C86-814B-7FD3-58BFD77F8CF4} = {75E1508E-A955-E059-6956-675858DCE5FC}
		{FCF34116-888C-4213-AD14-CDF17A418D21} = {70368CC5-5C86-814B-7FD3-58BFD77F8CF4}
		{460CB7B7-C5C9-9675-4379-9D34558060EC} = {EC447DCF-ABFA-6E24-52A5-D7FD48A5C558}
		{D691A0B0-542E-7506-70BC-7F126F409C35} = {460CB7B7-C5C9-9675-4379-9D34558060EC}
		{6F2C15D3-F541-4C7B-93E0-AE4C5A900B56} = {D691A0B0-542E-7506-70BC-7F126F409C35}
		{D19C0296-0E94-7D21-0CCF-E7FDFEBEF6E8} = {460CB7B7-C5C9-9675-4379-9D34558060EC}
		{F4269EAD-06D7-4454-9A3F-D70BA13E249E} = {D19C0296-0E94-7D21-0CCF-E7FDFEBEF6E8}
		{DFF65227-CF45-A22C-33B5-E07E5C11D14F} = {460CB7B7-C5C9-9675-4379-9D34558060EC}
		{AAD41987-B4C5-4EEB-888F-773E4F78C5C5} = {DFF65227-CF45-A22C-33B5-E07E5C11D14F}
		{5B5E0283-1D94-6482-4421-CAC046CC5357} = {460CB7B7-C5C9-9675-4379-9D34558060EC}
		{9A72E987-BA85-40C0-BD8E-AAC1A071522F} = {5B5E0283-1D94-6482-4421-CAC046CC5357}
		{077066FD-0F7A-9788-8819-CD64541064BC} = {EC447DCF-ABFA-6E24-52A5-D7FD48A5C558}
		{41039C61-55CE-509A-F0A6-4FA23E2E8262} = {077066FD-0F7A-9788-8819-CD64541064BC}
		{2A987BBD-B8B6-43EA-B8C6-52B4F23C0844} = {41039C61-55CE-509A-F0A6-4FA23E2E8262}
		{A7951A77-D182-F7EC-DD67-D1FC9B20503A} = {077066FD-0F7A-9788-8819-CD64541064BC}
		{01871B6C-ACF5-48EC-A726-3EF8F46DA053} = {A7951A77-D182-F7EC-DD67-D1FC9B20503A}
		{1C03D575-47E6-B832-CD6F-A98D59D97952} = {077066FD-0F7A-9788-8819-CD64541064BC}
		{C8B43DCE-61C2-46A7-B1B8-CD909804F6F7} = {1C03D575-47E6-B832-CD6F-A98D59D97952}
		{6C8467A8-9093-D00F-C6C8-CAADAEDE88FD} = {077066FD-0F7A-9788-8819-CD64541064BC}
		{05A4985A-71AA-4120-8A52-9FFC8BCA3660} = {6C8467A8-9093-D00F-C6C8-CAADAEDE88FD}
		{A26F344D-182E-CE53-AD51-2154946AC6F3} = {EC447DCF-ABFA-6E24-52A5-D7FD48A5C558}
		{AE835FB4-EAFB-64E6-259D-58DA33E89DA5} = {A26F344D-182E-CE53-AD51-2154946AC6F3}
		{BED6D22C-3671-407D-9D70-3D6B96C25838} = {AE835FB4-EAFB-64E6-259D-58DA33E89DA5}
		{28C4DD48-A179-ADC4-FACB-097815222070} = {A26F344D-182E-CE53-AD51-2154946AC6F3}
		{AD6BC5CD-13F2-472B-900D-15F7B4B5FCF2} = {28C4DD48-A179-ADC4-FACB-097815222070}
		{AAAA0BD8-3C23-3098-941A-940CE5B7BDDC} = {A26F344D-182E-CE53-AD51-2154946AC6F3}
		{56E4FD77-1A8C-4737-8CAB-07950665C985} = {AAAA0BD8-3C23-3098-941A-940CE5B7BDDC}
		{1EEE4136-5204-992F-1007-7E86C45AE679} = {A26F344D-182E-CE53-AD51-2154946AC6F3}
		{422479AB-F219-4032-997E-EBEE2C07DD5D} = {1EEE4136-5204-992F-1007-7E86C45AE679}
	EndGlobalSection
EndGlobal
